// !$*UTF8*$!
{
	archiveVersion = 1;
	classes = {
	};
	objectVersion = 56;
	objects = {

/* Begin PBXBuildFile section */
		003BE2EA2B5FF0C000751429 /* TodoListView.swift in Sources */ = {isa = PBXBuildFile; fileRef = 003BE2E92B5FF0C000751429 /* TodoListView.swift */; };
		003BE2EC2B5FFD6900751429 /* TaskCellView.swift in Sources */ = {isa = PBXBuildFile; fileRef = 003BE2EB2B5FFD6900751429 /* TaskCellView.swift */; };
		00B1237C2B595BEA001716EF /* Learning_BindingApp.swift in Sources */ = {isa = PBXBuildFile; fileRef = 00B1237B2B595BEA001716EF /* Learning_BindingApp.swift */; };
		00B1237E2B595BEA001716EF /* ContentView.swift in Sources */ = {isa = PBXBuildFile; fileRef = 00B1237D2B595BEA001716EF /* ContentView.swift */; };
		00B123802B595BEC001716EF /* Assets.xcassets in Resources */ = {isa = PBXBuildFile; fileRef = 00B1237F2B595BEC001716EF /* Assets.xcassets */; };
		00B123832B595BEC001716EF /* Preview Assets.xcassets in Resources */ = {isa = PBXBuildFile; fileRef = 00B123822B595BEC001716EF /* Preview Assets.xcassets */; };
		00B1238A2B596038001716EF /* SettingsRowView.swift in Sources */ = {isa = PBXBuildFile; fileRef = 00B123892B596038001716EF /* SettingsRowView.swift */; };
		00B1D9342B5C7C6E00778076 /* Realm in Frameworks */ = {isa = PBXBuildFile; productRef = 00B1D9332B5C7C6E00778076 /* Realm */; };
		00B1D9362B5C7C6E00778076 /* RealmSwift in Frameworks */ = {isa = PBXBuildFile; productRef = 00B1D9352B5C7C6E00778076 /* RealmSwift */; };
		00B1D9392B5C7CC500778076 /* RealmManager.swift in Sources */ = {isa = PBXBuildFile; fileRef = 00B1D9382B5C7CC500778076 /* RealmManager.swift */; };
		00B1D93C2B5C7E7A00778076 /* Task.swift in Sources */ = {isa = PBXBuildFile; fileRef = 00B1D93B2B5C7E7A00778076 /* Task.swift */; };
		00D6156B2B5F727E0061BFEC /* SectionsEnum.swift in Sources */ = {isa = PBXBuildFile; fileRef = 00D6156A2B5F727E0061BFEC /* SectionsEnum.swift */; };
		00D6156D2B5F72D20061BFEC /* PriorityEnum.swift in Sources */ = {isa = PBXBuildFile; fileRef = 00D6156C2B5F72D20061BFEC /* PriorityEnum.swift */; };
/* End PBXBuildFile section */

/* Begin PBXFileReference section */
		003BE2E92B5FF0C000751429 /* TodoListView.swift */ = {isa = PBXFileReference; lastKnownFileType = sourcecode.swift; path = TodoListView.swift; sourceTree = "<group>"; };
		003BE2EB2B5FFD6900751429 /* TaskCellView.swift */ = {isa = PBXFileReference; lastKnownFileType = sourcecode.swift; path = TaskCellView.swift; sourceTree = "<group>"; };
		00B123782B595BEA001716EF /* Learning-Binding.app */ = {isa = PBXFileReference; explicitFileType = wrapper.application; includeInIndex = 0; path = "Learning-Binding.app"; sourceTree = BUILT_PRODUCTS_DIR; };
		00B1237B2B595BEA001716EF /* Learning_BindingApp.swift */ = {isa = PBXFileReference; lastKnownFileType = sourcecode.swift; path = Learning_BindingApp.swift; sourceTree = "<group>"; };
		00B1237D2B595BEA001716EF /* ContentView.swift */ = {isa = PBXFileReference; lastKnownFileType = sourcecode.swift; path = ContentView.swift; sourceTree = "<group>"; };
		00B1237F2B595BEC001716EF /* Assets.xcassets */ = {isa = PBXFileReference; lastKnownFileType = folder.assetcatalog; path = Assets.xcassets; sourceTree = "<group>"; };
		00B123822B595BEC001716EF /* Preview Assets.xcassets */ = {isa = PBXFileReference; lastKnownFileType = folder.assetcatalog; path = "Preview Assets.xcassets"; sourceTree = "<group>"; };
		00B123892B596038001716EF /* SettingsRowView.swift */ = {isa = PBXFileReference; lastKnownFileType = sourcecode.swift; path = SettingsRowView.swift; sourceTree = "<group>"; };
		00B1D9382B5C7CC500778076 /* RealmManager.swift */ = {isa = PBXFileReference; lastKnownFileType = sourcecode.swift; path = RealmManager.swift; sourceTree = "<group>"; };
		00B1D93B2B5C7E7A00778076 /* Task.swift */ = {isa = PBXFileReference; lastKnownFileType = sourcecode.swift; path = Task.swift; sourceTree = "<group>"; };
		00D6156A2B5F727E0061BFEC /* SectionsEnum.swift */ = {isa = PBXFileReference; lastKnownFileType = sourcecode.swift; path = SectionsEnum.swift; sourceTree = "<group>"; };
		00D6156C2B5F72D20061BFEC /* PriorityEnum.swift */ = {isa = PBXFileReference; lastKnownFileType = sourcecode.swift; path = PriorityEnum.swift; sourceTree = "<group>"; };
/* End PBXFileReference section */

/* Begin PBXFrameworksBuildPhase section */
		00B123752B595BEA001716EF /* Frameworks */ = {
			isa = PBXFrameworksBuildPhase;
			buildActionMask = 2147483647;
			files = (
				00B1D9362B5C7C6E00778076 /* RealmSwift in Frameworks */,
				00B1D9342B5C7C6E00778076 /* Realm in Frameworks */,
			);
			runOnlyForDeploymentPostprocessing = 0;
		};
/* End PBXFrameworksBuildPhase section */

/* Begin PBXGroup section */
		00B1236F2B595BEA001716EF = {
			isa = PBXGroup;
			children = (
				00B1237A2B595BEA001716EF /* Learning-Binding */,
				00B123792B595BEA001716EF /* Products */,
			);
			sourceTree = "<group>";
		};
		00B123792B595BEA001716EF /* Products */ = {
			isa = PBXGroup;
			children = (
				00B123782B595BEA001716EF /* Learning-Binding.app */,
			);
			name = Products;
			sourceTree = "<group>";
		};
		00B1237A2B595BEA001716EF /* Learning-Binding */ = {
			isa = PBXGroup;
			children = (
				00D615692B5F72640061BFEC /* Enums */,
				00B1D93A2B5C7E6800778076 /* Models */,
				00B1D9372B5C7CB400778076 /* Managers */,
				00B1237B2B595BEA001716EF /* Learning_BindingApp.swift */,
				00B1237D2B595BEA001716EF /* ContentView.swift */,
				003BE2E92B5FF0C000751429 /* TodoListView.swift */,
				003BE2EB2B5FFD6900751429 /* TaskCellView.swift */,
				00B1237F2B595BEC001716EF /* Assets.xcassets */,
				00B123812B595BEC001716EF /* Preview Content */,
				00B123892B596038001716EF /* SettingsRowView.swift */,
			);
			path = "Learning-Binding";
			sourceTree = "<group>";
		};
		00B123812B595BEC001716EF /* Preview Content */ = {
			isa = PBXGroup;
			children = (
				00B123822B595BEC001716EF /* Preview Assets.xcassets */,
			);
			path = "Preview Content";
			sourceTree = "<group>";
		};
		00B1D9372B5C7CB400778076 /* Managers */ = {
			isa = PBXGroup;
			children = (
				00B1D9382B5C7CC500778076 /* RealmManager.swift */,
			);
			path = Managers;
			sourceTree = "<group>";
		};
		00B1D93A2B5C7E6800778076 /* Models */ = {
			isa = PBXGroup;
			children = (
				00B1D93B2B5C7E7A00778076 /* Task.swift */,
			);
			path = Models;
			sourceTree = "<group>";
		};
		00D615692B5F72640061BFEC /* Enums */ = {
			isa = PBXGroup;
			children = (
				00D6156A2B5F727E0061BFEC /* SectionsEnum.swift */,
				00D6156C2B5F72D20061BFEC /* PriorityEnum.swift */,
			);
			path = Enums;
			sourceTree = "<group>";
		};
/* End PBXGroup section */

/* Begin PBXNativeTarget section */
		00B123772B595BEA001716EF /* Learning-Binding */ = {
			isa = PBXNativeTarget;
			buildConfigurationList = 00B123862B595BEC001716EF /* Build configuration list for PBXNativeTarget "Learning-Binding" */;
			buildPhases = (
				00B123742B595BEA001716EF /* Sources */,
				00B123752B595BEA001716EF /* Frameworks */,
				00B123762B595BEA001716EF /* Resources */,
			);
			buildRules = (
			);
			dependencies = (
			);
			name = "Learning-Binding";
			packageProductDependencies = (
				00B1D9332B5C7C6E00778076 /* Realm */,
				00B1D9352B5C7C6E00778076 /* RealmSwift */,
			);
			productName = "Learning-Binding";
			productReference = 00B123782B595BEA001716EF /* Learning-Binding.app */;
			productType = "com.apple.product-type.application";
		};
/* End PBXNativeTarget section */

/* Begin PBXProject section */
		00B123702B595BEA001716EF /* Project object */ = {
			isa = PBXProject;
			attributes = {
				BuildIndependentTargetsInParallel = 1;
				LastSwiftUpdateCheck = 1420;
				LastUpgradeCheck = 1420;
				TargetAttributes = {
					00B123772B595BEA001716EF = {
						CreatedOnToolsVersion = 14.2;
					};
				};
			};
			buildConfigurationList = 00B123732B595BEA001716EF /* Build configuration list for PBXProject "Learning-Binding" */;
			compatibilityVersion = "Xcode 14.0";
			developmentRegion = en;
			hasScannedForEncodings = 0;
			knownRegions = (
				en,
				Base,
			);
			mainGroup = 00B1236F2B595BEA001716EF;
			packageReferences = (
				00B1D9322B5C7C6E00778076 /* XCRemoteSwiftPackageReference "realm-swift" */,
			);
			productRefGroup = 00B123792B595BEA001716EF /* Products */;
			projectDirPath = "";
			projectRoot = "";
			targets = (
				00B123772B595BEA001716EF /* Learning-Binding */,
			);
		};
/* End PBXProject section */

/* Begin PBXResourcesBuildPhase section */
		00B123762B595BEA001716EF /* Resources */ = {
			isa = PBXResourcesBuildPhase;
			buildActionMask = 2147483647;
			files = (
				00B123832B595BEC001716EF /* Preview Assets.xcassets in Resources */,
				00B123802B595BEC001716EF /* Assets.xcassets in Resources */,
			);
			runOnlyForDeploymentPostprocessing = 0;
		};
/* End PBXResourcesBuildPhase section */

/* Begin PBXSourcesBuildPhase section */
		00B123742B595BEA001716EF /* Sources */ = {
			isa = PBXSourcesBuildPhase;
			buildActionMask = 2147483647;
			files = (
				00D6156D2B5F72D20061BFEC /* PriorityEnum.swift in Sources */,
				00D6156B2B5F727E0061BFEC /* SectionsEnum.swift in Sources */,
				003BE2EA2B5FF0C000751429 /* TodoListView.swift in Sources */,
				00B1237E2B595BEA001716EF /* ContentView.swift in Sources */,
				00B1D9392B5C7CC500778076 /* RealmManager.swift in Sources */,
				00B1D93C2B5C7E7A00778076 /* Task.swift in Sources */,
				00B1237C2B595BEA001716EF /* Learning_BindingApp.swift in Sources */,
				00B1238A2B596038001716EF /* SettingsRowView.swift in Sources */,
				003BE2EC2B5FFD6900751429 /* TaskCellView.swift in Sources */,
			);
			runOnlyForDeploymentPostprocessing = 0;
		};
/* End PBXSourcesBuildPhase section */

/* Begin XCBuildConfiguration section */
		00B123842B595BEC001716EF /* Debug */ = {
			isa = XCBuildConfiguration;
			buildSettings = {
				ALWAYS_SEARCH_USER_PATHS = NO;
				CLANG_ANALYZER_NONNULL = YES;
				CLANG_ANALYZER_NUMBER_OBJECT_CONVERSION = YES_AGGRESSIVE;
				CLANG_CXX_LANGUAGE_STANDARD = "gnu++20";
				CLANG_ENABLE_MODULES = YES;
				CLANG_ENABLE_OBJC_ARC = YES;
				CLANG_ENABLE_OBJC_WEAK = YES;
				CLANG_WARN_BLOCK_CAPTURE_AUTORELEASING = YES;
				CLANG_WARN_BOOL_CONVERSION = YES;
				CLANG_WARN_COMMA = YES;
				CLANG_WARN_CONSTANT_CONVERSION = YES;
				CLANG_WARN_DEPRECATED_OBJC_IMPLEMENTATIONS = YES;
				CLANG_WARN_DIRECT_OBJC_ISA_USAGE = YES_ERROR;
				CLANG_WARN_DOCUMENTATION_COMMENTS = YES;
				CLANG_WARN_EMPTY_BODY = YES;
				CLANG_WARN_ENUM_CONVERSION = YES;
				CLANG_WARN_INFINITE_RECURSION = YES;
				CLANG_WARN_INT_CONVERSION = YES;
				CLANG_WARN_NON_LITERAL_NULL_CONVERSION = YES;
				CLANG_WARN_OBJC_IMPLICIT_RETAIN_SELF = YES;
				CLANG_WARN_OBJC_LITERAL_CONVERSION = YES;
				CLANG_WARN_OBJC_ROOT_CLASS = YES_ERROR;
				CLANG_WARN_QUOTED_INCLUDE_IN_FRAMEWORK_HEADER = YES;
				CLANG_WARN_RANGE_LOOP_ANALYSIS = YES;
				CLANG_WARN_STRICT_PROTOTYPES = YES;
				CLANG_WARN_SUSPICIOUS_MOVE = YES;
				CLANG_WARN_UNGUARDED_AVAILABILITY = YES_AGGRESSIVE;
				CLANG_WARN_UNREACHABLE_CODE = YES;
				CLANG_WARN__DUPLICATE_METHOD_MATCH = YES;
				COPY_PHASE_STRIP = NO;
				DEBUG_INFORMATION_FORMAT = dwarf;
				ENABLE_STRICT_OBJC_MSGSEND = YES;
				ENABLE_TESTABILITY = YES;
				GCC_C_LANGUAGE_STANDARD = gnu11;
				GCC_DYNAMIC_NO_PIC = NO;
				GCC_NO_COMMON_BLOCKS = YES;
				GCC_OPTIMIZATION_LEVEL = 0;
				GCC_PREPROCESSOR_DEFINITIONS = (
					"DEBUG=1",
					"$(inherited)",
				);
				GCC_WARN_64_TO_32_BIT_CONVERSION = YES;
				GCC_WARN_ABOUT_RETURN_TYPE = YES_ERROR;
				GCC_WARN_UNDECLARED_SELECTOR = YES;
				GCC_WARN_UNINITIALIZED_AUTOS = YES_AGGRESSIVE;
				GCC_WARN_UNUSED_FUNCTION = YES;
				GCC_WARN_UNUSED_VARIABLE = YES;
				IPHONEOS_DEPLOYMENT_TARGET = 16.2;
				MTL_ENABLE_DEBUG_INFO = INCLUDE_SOURCE;
				MTL_FAST_MATH = YES;
				ONLY_ACTIVE_ARCH = YES;
				SDKROOT = iphoneos;
				SWIFT_ACTIVE_COMPILATION_CONDITIONS = DEBUG;
				SWIFT_OPTIMIZATION_LEVEL = "-Onone";
			};
			name = Debug;
		};
		00B123852B595BEC001716EF /* Release */ = {
			isa = XCBuildConfiguration;
			buildSettings = {
				ALWAYS_SEARCH_USER_PATHS = NO;
				CLANG_ANALYZER_NONNULL = YES;
				CLANG_ANALYZER_NUMBER_OBJECT_CONVERSION = YES_AGGRESSIVE;
				CLANG_CXX_LANGUAGE_STANDARD = "gnu++20";
				CLANG_ENABLE_MODULES = YES;
				CLANG_ENABLE_OBJC_ARC = YES;
				CLANG_ENABLE_OBJC_WEAK = YES;
				CLANG_WARN_BLOCK_CAPTURE_AUTORELEASING = YES;
				CLANG_WARN_BOOL_CONVERSION = YES;
				CLANG_WARN_COMMA = YES;
				CLANG_WARN_CONSTANT_CONVERSION = YES;
				CLANG_WARN_DEPRECATED_OBJC_IMPLEMENTATIONS = YES;
				CLANG_WARN_DIRECT_OBJC_ISA_USAGE = YES_ERROR;
				CLANG_WARN_DOCUMENTATION_COMMENTS = YES;
				CLANG_WARN_EMPTY_BODY = YES;
				CLANG_WARN_ENUM_CONVERSION = YES;
				CLANG_WARN_INFINITE_RECURSION = YES;
				CLANG_WARN_INT_CONVERSION = YES;
				CLANG_WARN_NON_LITERAL_NULL_CONVERSION = YES;
				CLANG_WARN_OBJC_IMPLICIT_RETAIN_SELF = YES;
				CLANG_WARN_OBJC_LITERAL_CONVERSION = YES;
				CLANG_WARN_OBJC_ROOT_CLASS = YES_ERROR;
				CLANG_WARN_QUOTED_INCLUDE_IN_FRAMEWORK_HEADER = YES;
				CLANG_WARN_RANGE_LOOP_ANALYSIS = YES;
				CLANG_WARN_STRICT_PROTOTYPES = YES;
				CLANG_WARN_SUSPICIOUS_MOVE = YES;
				CLANG_WARN_UNGUARDED_AVAILABILITY = YES_AGGRESSIVE;
				CLANG_WARN_UNREACHABLE_CODE = YES;
				CLANG_WARN__DUPLICATE_METHOD_MATCH = YES;
				COPY_PHASE_STRIP = NO;
				DEBUG_INFORMATION_FORMAT = "dwarf-with-dsym";
				ENABLE_NS_ASSERTIONS = NO;
				ENABLE_STRICT_OBJC_MSGSEND = YES;
				GCC_C_LANGUAGE_STANDARD = gnu11;
				GCC_NO_COMMON_BLOCKS = YES;
				GCC_WARN_64_TO_32_BIT_CONVERSION = YES;
				GCC_WARN_ABOUT_RETURN_TYPE = YES_ERROR;
				GCC_WARN_UNDECLARED_SELECTOR = YES;
				GCC_WARN_UNINITIALIZED_AUTOS = YES_AGGRESSIVE;
				GCC_WARN_UNUSED_FUNCTION = YES;
				GCC_WARN_UNUSED_VARIABLE = YES;
				IPHONEOS_DEPLOYMENT_TARGET = 16.2;
				MTL_ENABLE_DEBUG_INFO = NO;
				MTL_FAST_MATH = YES;
				SDKROOT = iphoneos;
				SWIFT_COMPILATION_MODE = wholemodule;
				SWIFT_OPTIMIZATION_LEVEL = "-O";
				VALIDATE_PRODUCT = YES;
			};
			name = Release;
		};
		00B123872B595BEC001716EF /* Debug */ = {
			isa = XCBuildConfiguration;
			buildSettings = {
				ASSETCATALOG_COMPILER_APPICON_NAME = AppIcon;
				ASSETCATALOG_COMPILER_GLOBAL_ACCENT_COLOR_NAME = AccentColor;
				CODE_SIGN_STYLE = Automatic;
				CURRENT_PROJECT_VERSION = 1;
				DEVELOPMENT_ASSET_PATHS = "\"Learning-Binding/Preview Content\"";
				DEVELOPMENT_TEAM = 3QUKRV43KN;
				ENABLE_PREVIEWS = YES;
				GENERATE_INFOPLIST_FILE = YES;
				INFOPLIST_KEY_UIApplicationSceneManifest_Generation = YES;
				INFOPLIST_KEY_UIApplicationSupportsIndirectInputEvents = YES;
				INFOPLIST_KEY_UILaunchScreen_Generation = YES;
				INFOPLIST_KEY_UISupportedInterfaceOrientations_iPad = "UIInterfaceOrientationPortrait UIInterfaceOrientationPortraitUpsideDown UIInterfaceOrientationLandscapeLeft UIInterfaceOrientationLandscapeRight";
				INFOPLIST_KEY_UISupportedInterfaceOrientations_iPhone = "UIInterfaceOrientationPortrait UIInterfaceOrientationLandscapeLeft UIInterfaceOrientationLandscapeRight";
				LD_RUNPATH_SEARCH_PATHS = (
					"$(inherited)",
					"@executable_path/Frameworks",
				);
				MARKETING_VERSION = 1.0;
				PRODUCT_BUNDLE_IDENTIFIER = "Alberta1902035Alberta.Learning-Binding";
				PRODUCT_NAME = "$(TARGET_NAME)";
				SWIFT_EMIT_LOC_STRINGS = YES;
				SWIFT_VERSION = 5.0;
				TARGETED_DEVICE_FAMILY = "1,2";
			};
			name = Debug;
		};
		00B123882B595BEC001716EF /* Release */ = {
			isa = XCBuildConfiguration;
			buildSettings = {
				ASSETCATALOG_COMPILER_APPICON_NAME = AppIcon;
				ASSETCATALOG_COMPILER_GLOBAL_ACCENT_COLOR_NAME = AccentColor;
				CODE_SIGN_STYLE = Automatic;
				CURRENT_PROJECT_VERSION = 1;
				DEVELOPMENT_ASSET_PATHS = "\"Learning-Binding/Preview Content\"";
				DEVELOPMENT_TEAM = 3QUKRV43KN;
				ENABLE_PREVIEWS = YES;
				GENERATE_INFOPLIST_FILE = YES;
				INFOPLIST_KEY_UIApplicationSceneManifest_Generation = YES;
				INFOPLIST_KEY_UIApplicationSupportsIndirectInputEvents = YES;
				INFOPLIST_KEY_UILaunchScreen_Generation = YES;
				INFOPLIST_KEY_UISupportedInterfaceOrientations_iPad = "UIInterfaceOrientationPortrait UIInterfaceOrientationPortraitUpsideDown UIInterfaceOrientationLandscapeLeft UIInterfaceOrientationLandscapeRight";
				INFOPLIST_KEY_UISupportedInterfaceOrientations_iPhone = "UIInterfaceOrientationPortrait UIInterfaceOrientationLandscapeLeft UIInterfaceOrientationLandscapeRight";
				LD_RUNPATH_SEARCH_PATHS = (
					"$(inherited)",
					"@executable_path/Frameworks",
				);
				MARKETING_VERSION = 1.0;
				PRODUCT_BUNDLE_IDENTIFIER = "Alberta1902035Alberta.Learning-Binding";
				PRODUCT_NAME = "$(TARGET_NAME)";
				SWIFT_EMIT_LOC_STRINGS = YES;
				SWIFT_VERSION = 5.0;
				TARGETED_DEVICE_FAMILY = "1,2";
			};
			name = Release;
		};
/* End XCBuildConfiguration section */

/* Begin XCConfigurationList section */
		00B123732B595BEA001716EF /* Build configuration list for PBXProject "Learning-Binding" */ = {
			isa = XCConfigurationList;
			buildConfigurations = (
				00B123842B595BEC001716EF /* Debug */,
				00B123852B595BEC001716EF /* Release */,
			);
			defaultConfigurationIsVisible = 0;
			defaultConfigurationName = Release;
		};
		00B123862B595BEC001716EF /* Build configuration list for PBXNativeTarget "Learning-Binding" */ = {
			isa = XCConfigurationList;
			buildConfigurations = (
				00B123872B595BEC001716EF /* Debug */,
				00B123882B595BEC001716EF /* Release */,
			);
			defaultConfigurationIsVisible = 0;
			defaultConfigurationName = Release;
		};
/* End XCConfigurationList section */

/* Begin XCRemoteSwiftPackageReference section */
		00B1D9322B5C7C6E00778076 /* XCRemoteSwiftPackageReference "realm-swift" */ = {
			isa = XCRemoteSwiftPackageReference;
			repositoryURL = "https://github.com/realm/realm-swift";
			requirement = {
				branch = master;
				kind = branch;
			};
		};
/* End XCRemoteSwiftPackageReference section */

/* Begin XCSwiftPackageProductDependency section */
		00B1D9332B5C7C6E00778076 /* Realm */ = {
			isa = XCSwiftPackageProductDependency;
			package = 00B1D9322B5C7C6E00778076 /* XCRemoteSwiftPackageReference "realm-swift" */;
			productName = Realm;
		};
		00B1D9352B5C7C6E00778076 /* RealmSwift */ = {
			isa = XCSwiftPackageProductDependency;
			package = 00B1D9322B5C7C6E00778076 /* XCRemoteSwiftPackageReference "realm-swift" */;
			productName = RealmSwift;
		};
/* End XCSwiftPackageProductDependency section */
	};
	rootObject = 00B123702B595BEA001716EF /* Project object */;
}
